// !$*UTF8*$!
{
	archiveVersion = 1;
	classes = {
	};
	objectVersion = 46;
	objects = {

/* Begin PBXBuildFile section */
		5757FEAA1C449B4600C30A4F /* AppDelegate.swift in Sources */ = {isa = PBXBuildFile; fileRef = 5757FEA91C449B4600C30A4F /* AppDelegate.swift */; };
		5757FEAC1C449B4600C30A4F /* ViewController.swift in Sources */ = {isa = PBXBuildFile; fileRef = 5757FEAB1C449B4600C30A4F /* ViewController.swift */; };
		5757FEAF1C449B4600C30A4F /* Main.storyboard in Resources */ = {isa = PBXBuildFile; fileRef = 5757FEAD1C449B4600C30A4F /* Main.storyboard */; };
		5757FEB11C449B4600C30A4F /* Assets.xcassets in Resources */ = {isa = PBXBuildFile; fileRef = 5757FEB01C449B4600C30A4F /* Assets.xcassets */; };
		5757FEB41C449B4600C30A4F /* LaunchScreen.storyboard in Resources */ = {isa = PBXBuildFile; fileRef = 5757FEB21C449B4600C30A4F /* LaunchScreen.storyboard */; };
		5757FEBF1C449B4700C30A4F /* git_testTests.swift in Sources */ = {isa = PBXBuildFile; fileRef = 5757FEBE1C449B4700C30A4F /* git_testTests.swift */; };
		5757FECA1C449B4700C30A4F /* git_testUITests.swift in Sources */ = {isa = PBXBuildFile; fileRef = 5757FEC91C449B4700C30A4F /* git_testUITests.swift */; };
/* End PBXBuildFile section */

/* Begin PBXContainerItemProxy section */
		5757FEBB1C449B4700C30A4F /* PBXContainerItemProxy */ = {
			isa = PBXContainerItemProxy;
			containerPortal = 5757FE9E1C449B4600C30A4F /* Project object */;
			proxyType = 1;
			remoteGlobalIDString = 5757FEA51C449B4600C30A4F;
			remoteInfo = "git-test";
		};
		5757FEC61C449B4700C30A4F /* PBXContainerItemProxy */ = {
			isa = PBXContainerItemProxy;
			containerPortal = 5757FE9E1C449B4600C30A4F /* Project object */;
			proxyType = 1;
			remoteGlobalIDString = 5757FEA51C449B4600C30A4F;
			remoteInfo = "git-test";
		};
/* End PBXContainerItemProxy section */

/* Begin PBXFileReference section */
		5757FEA61C449B4600C30A4F /* git-test.app */ = {isa = PBXFileReference; explicitFileType = wrapper.application; includeInIndex = 0; path = "git-test.app"; sourceTree = BUILT_PRODUCTS_DIR; };
		5757FEA91C449B4600C30A4F /* AppDelegate.swift */ = {isa = PBXFileReference; lastKnownFileType = sourcecode.swift; path = AppDelegate.swift; sourceTree = "<group>"; };
		5757FEAB1C449B4600C30A4F /* ViewController.swift */ = {isa = PBXFileReference; lastKnownFileType = sourcecode.swift; path = ViewController.swift; sourceTree = "<group>"; };
		5757FEAE1C449B4600C30A4F /* Base */ = {isa = PBXFileReference; lastKnownFileType = file.storyboard; name = Base; path = Base.lproj/Main.storyboard; sourceTree = "<group>"; };
		5757FEB01C449B4600C30A4F /* Assets.xcassets */ = {isa = PBXFileReference; lastKnownFileType = folder.assetcatalog; path = Assets.xcassets; sourceTree = "<group>"; };
		5757FEB31C449B4600C30A4F /* Base */ = {isa = PBXFileReference; lastKnownFileType = file.storyboard; name = Base; path = Base.lproj/LaunchScreen.storyboard; sourceTree = "<group>"; };
		5757FEB51C449B4600C30A4F /* Info.plist */ = {isa = PBXFileReference; lastKnownFileType = text.plist.xml; path = Info.plist; sourceTree = "<group>"; };
		5757FEBA1C449B4700C30A4F /* git-testTests.xctest */ = {isa = PBXFileReference; explicitFileType = wrapper.cfbundle; includeInIndex = 0; path = "git-testTests.xctest"; sourceTree = BUILT_PRODUCTS_DIR; };
		5757FEBE1C449B4700C30A4F /* git_testTests.swift */ = {isa = PBXFileReference; lastKnownFileType = sourcecode.swift; path = git_testTests.swift; sourceTree = "<group>"; };
		5757FEC01C449B4700C30A4F /* Info.plist */ = {isa = PBXFileReference; lastKnownFileType = text.plist.xml; path = Info.plist; sourceTree = "<group>"; };
		5757FEC51C449B4700C30A4F /* git-testUITests.xctest */ = {isa = PBXFileReference; explicitFileType = wrapper.cfbundle; includeInIndex = 0; path = "git-testUITests.xctest"; sourceTree = BUILT_PRODUCTS_DIR; };
		5757FEC91C449B4700C30A4F /* git_testUITests.swift */ = {isa = PBXFileReference; lastKnownFileType = sourcecode.swift; path = git_testUITests.swift; sourceTree = "<group>"; };
		5757FECB1C449B4700C30A4F /* Info.plist */ = {isa = PBXFileReference; lastKnownFileType = text.plist.xml; path = Info.plist; sourceTree = "<group>"; };
/* End PBXFileReference section */

/* Begin PBXFrameworksBuildPhase section */
		5757FEA31C449B4600C30A4F /* Frameworks */ = {
			isa = PBXFrameworksBuildPhase;
			buildActionMask = 2147483647;
			files = (
			);
			runOnlyForDeploymentPostprocessing = 0;
		};
		5757FEB71C449B4700C30A4F /* Frameworks */ = {
			isa = PBXFrameworksBuildPhase;
			buildActionMask = 2147483647;
			files = (
			);
			runOnlyForDeploymentPostprocessing = 0;
		};
		5757FEC21C449B4700C30A4F /* Frameworks */ = {
			isa = PBXFrameworksBuildPhase;
			buildActionMask = 2147483647;
			files = (
			);
			runOnlyForDeploymentPostprocessing = 0;
		};
/* End PBXFrameworksBuildPhase section */

/* Begin PBXGroup section */
		5757FE9D1C449B4600C30A4F = {
			isa = PBXGroup;
			children = (
				5757FEA81C449B4600C30A4F /* git-test */,
				5757FEBD1C449B4700C30A4F /* git-testTests */,
				5757FEC81C449B4700C30A4F /* git-testUITests */,
				5757FEA71C449B4600C30A4F /* Products */,
			);
			sourceTree = "<group>";
		};
		5757FEA71C449B4600C30A4F /* Products */ = {
			isa = PBXGroup;
			children = (
				5757FEA61C449B4600C30A4F /* git-test.app */,
				5757FEBA1C449B4700C30A4F /* git-testTests.xctest */,
				5757FEC51C449B4700C30A4F /* git-testUITests.xctest */,
			);
			name = Products;
			sourceTree = "<group>";
		};
		5757FEA81C449B4600C30A4F /* git-test */ = {
			isa = PBXGroup;
			children = (
				5757FEA91C449B4600C30A4F /* AppDelegate.swift */,
				5757FEAB1C449B4600C30A4F /* ViewController.swift */,
				5757FEAD1C449B4600C30A4F /* Main.storyboard */,
				5757FEB01C449B4600C30A4F /* Assets.xcassets */,
				5757FEB21C449B4600C30A4F /* LaunchScreen.storyboard */,
				5757FEB51C449B4600C30A4F /* Info.plist */,
			);
			path = "git-test";
			sourceTree = "<group>";
		};
		5757FEBD1C449B4700C30A4F /* git-testTests */ = {
			isa = PBXGroup;
			children = (
				5757FEBE1C449B4700C30A4F /* git_testTests.swift */,
				5757FEC01C449B4700C30A4F /* Info.plist */,
			);
			path = "git-testTests";
			sourceTree = "<group>";
		};
		5757FEC81C449B4700C30A4F /* git-testUITests */ = {
			isa = PBXGroup;
			children = (
				5757FEC91C449B4700C30A4F /* git_testUITests.swift */,
				5757FECB1C449B4700C30A4F /* Info.plist */,
			);
			path = "git-testUITests";
			sourceTree = "<group>";
		};
/* End PBXGroup section */

/* Begin PBXNativeTarget section */
		5757FEA51C449B4600C30A4F /* git-test */ = {
			isa = PBXNativeTarget;
			buildConfigurationList = 5757FECE1C449B4700C30A4F /* Build configuration list for PBXNativeTarget "git-test" */;
			buildPhases = (
				5757FEA21C449B4600C30A4F /* Sources */,
				5757FEA31C449B4600C30A4F /* Frameworks */,
				5757FEA41C449B4600C30A4F /* Resources */,
			);
			buildRules = (
			);
			dependencies = (
			);
			name = "git-test";
			productName = "git-test";
			productReference = 5757FEA61C449B4600C30A4F /* git-test.app */;
			productType = "com.apple.product-type.application";
		};
		5757FEB91C449B4700C30A4F /* git-testTests */ = {
			isa = PBXNativeTarget;
			buildConfigurationList = 5757FED11C449B4700C30A4F /* Build configuration list for PBXNativeTarget "git-testTests" */;
			buildPhases = (
				5757FEB61C449B4700C30A4F /* Sources */,
				5757FEB71C449B4700C30A4F /* Frameworks */,
				5757FEB81C449B4700C30A4F /* Resources */,
			);
			buildRules = (
			);
			dependencies = (
				5757FEBC1C449B4700C30A4F /* PBXTargetDependency */,
			);
			name = "git-testTests";
			productName = "git-testTests";
			productReference = 5757FEBA1C449B4700C30A4F /* git-testTests.xctest */;
			productType = "com.apple.product-type.bundle.unit-test";
		};
		5757FEC41C449B4700C30A4F /* git-testUITests */ = {
			isa = PBXNativeTarget;
			buildConfigurationList = 5757FED41C449B4700C30A4F /* Build configuration list for PBXNativeTarget "git-testUITests" */;
			buildPhases = (
				5757FEC11C449B4700C30A4F /* Sources */,
				5757FEC21C449B4700C30A4F /* Frameworks */,
				5757FEC31C449B4700C30A4F /* Resources */,
			);
			buildRules = (
			);
			dependencies = (
				5757FEC71C449B4700C30A4F /* PBXTargetDependency */,
			);
			name = "git-testUITests";
			productName = "git-testUITests";
			productReference = 5757FEC51C449B4700C30A4F /* git-testUITests.xctest */;
			productType = "com.apple.product-type.bundle.ui-testing";
		};
/* End PBXNativeTarget section */

/* Begin PBXProject section */
		5757FE9E1C449B4600C30A4F /* Project object */ = {
			isa = PBXProject;
			attributes = {
				LastSwiftUpdateCheck = 0720;
				LastUpgradeCheck = 0720;
				ORGANIZATIONNAME = "Victor Toh";
				TargetAttributes = {
					5757FEA51C449B4600C30A4F = {
						CreatedOnToolsVersion = 7.2;
					};
					5757FEB91C449B4700C30A4F = {
						CreatedOnToolsVersion = 7.2;
						TestTargetID = 5757FEA51C449B4600C30A4F;
					};
					5757FEC41C449B4700C30A4F = {
						CreatedOnToolsVersion = 7.2;
						TestTargetID = 5757FEA51C449B4600C30A4F;
					};
				};
			};
			buildConfigurationList = 5757FEA11C449B4600C30A4F /* Build configuration list for PBXProject "git-test" */;
			compatibilityVersion = "Xcode 3.2";
			developmentRegion = English;
			hasScannedForEncodings = 0;
			knownRegions = (
				en,
				Base,
			);
			mainGroup = 5757FE9D1C449B4600C30A4F;
			productRefGroup = 5757FEA71C449B4600C30A4F /* Products */;
			projectDirPath = "";
			projectRoot = "";
			targets = (
				5757FEA51C449B4600C30A4F /* git-test */,
				5757FEB91C449B4700C30A4F /* git-testTests */,
				5757FEC41C449B4700C30A4F /* git-testUITests */,
			);
		};
/* End PBXProject section */

/* Begin PBXResourcesBuildPhase section */
		5757FEA41C449B4600C30A4F /* Resources */ = {
			isa = PBXResourcesBuildPhase;
			buildActionMask = 2147483647;
			files = (
				5757FEB41C449B4600C30A4F /* LaunchScreen.storyboard in Resources */,
				5757FEB11C449B4600C30A4F /* Assets.xcassets in Resources */,
				5757FEAF1C449B4600C30A4F /* Main.storyboard in Resources */,
			);
			runOnlyForDeploymentPostprocessing = 0;
		};
		5757FEB81C449B4700C30A4F /* Resources */ = {
			isa = PBXResourcesBuildPhase;
			buildActionMask = 2147483647;
			files = (
			);
			runOnlyForDeploymentPostprocessing = 0;
		};
		5757FEC31C449B4700C30A4F /* Resources */ = {
			isa = PBXResourcesBuildPhase;
			buildActionMask = 2147483647;
			files = (
			);
			runOnlyForDeploymentPostprocessing = 0;
		};
/* End PBXResourcesBuildPhase section */

/* Begin PBXSourcesBuildPhase section */
		5757FEA21C449B4600C30A4F /* Sources */ = {
			isa = PBXSourcesBuildPhase;
			buildActionMask = 2147483647;
			files = (
				5757FEAC1C449B4600C30A4F /* ViewController.swift in Sources */,
				5757FEAA1C449B4600C30A4F /* AppDelegate.swift in Sources */,
			);
			runOnlyForDeploymentPostprocessing = 0;
		};
		5757FEB61C449B4700C30A4F /* Sources */ = {
			isa = PBXSourcesBuildPhase;
			buildActionMask = 2147483647;
			files = (
				5757FEBF1C449B4700C30A4F /* git_testTests.swift in Sources */,
			);
			runOnlyForDeploymentPostprocessing = 0;
		};
		5757FEC11C449B4700C30A4F /* Sources */ = {
			isa = PBXSourcesBuildPhase;
			buildActionMask = 2147483647;
			files = (
				5757FECA1C449B4700C30A4F /* git_testUITests.swift in Sources */,
			);
			runOnlyForDeploymentPostprocessing = 0;
		};
/* End PBXSourcesBuildPhase section */

/* Begin PBXTargetDependency section */
		5757FEBC1C449B4700C30A4F /* PBXTargetDependency */ = {
			isa = PBXTargetDependency;
			target = 5757FEA51C449B4600C30A4F /* git-test */;
			targetProxy = 5757FEBB1C449B4700C30A4F /* PBXContainerItemProxy */;
		};
		5757FEC71C449B4700C30A4F /* PBXTargetDependency */ = {
			isa = PBXTargetDependency;
			target = 5757FEA51C449B4600C30A4F /* git-test */;
			targetProxy = 5757FEC61C449B4700C30A4F /* PBXContainerItemProxy */;
		};
/* End PBXTargetDependency section */

/* Begin PBXVariantGroup section */
		5757FEAD1C449B4600C30A4F /* Main.storyboard */ = {
			isa = PBXVariantGroup;
			children = (
				5757FEAE1C449B4600C30A4F /* Base */,
			);
			name = Main.storyboard;
			sourceTree = "<group>";
		};
		5757FEB21C449B4600C30A4F /* LaunchScreen.storyboard */ = {
			isa = PBXVariantGroup;
			children = (
				5757FEB31C449B4600C30A4F /* Base */,
			);
			name = LaunchScreen.storyboard;
			sourceTree = "<group>";
		};
/* End PBXVariantGroup section */

/* Begin XCBuildConfiguration section */
		5757FECC1C449B4700C30A4F /* Debug */ = {
			isa = XCBuildConfiguration;
			buildSettings = {
				ALWAYS_SEARCH_USER_PATHS = NO;
				CLANG_CXX_LANGUAGE_STANDARD = "gnu++0x";
				CLANG_CXX_LIBRARY = "libc++";
				CLANG_ENABLE_MODULES = YES;
				CLANG_ENABLE_OBJC_ARC = YES;
				CLANG_WARN_BOOL_CONVERSION = YES;
				CLANG_WARN_CONSTANT_CONVERSION = YES;
				CLANG_WARN_DIRECT_OBJC_ISA_USAGE = YES_ERROR;
				CLANG_WARN_EMPTY_BODY = YES;
				CLANG_WARN_ENUM_CONVERSION = YES;
				CLANG_WARN_INT_CONVERSION = YES;
				CLANG_WARN_OBJC_ROOT_CLASS = YES_ERROR;
				CLANG_WARN_UNREACHABLE_CODE = YES;
				CLANG_WARN__DUPLICATE_METHOD_MATCH = YES;
				"CODE_SIGN_IDENTITY[sdk=iphoneos*]" = "iPhone Developer";
				COPY_PHASE_STRIP = NO;
				DEBUG_INFORMATION_FORMAT = dwarf;
				ENABLE_STRICT_OBJC_MSGSEND = YES;
				ENABLE_TESTABILITY = YES;
				GCC_C_LANGUAGE_STANDARD = gnu99;
				GCC_DYNAMIC_NO_PIC = NO;
				GCC_NO_COMMON_BLOCKS = YES;
				GCC_OPTIMIZATION_LEVEL = 0;
				GCC_PREPROCESSOR_DEFINITIONS = (
					"DEBUG=1",
					"$(inherited)",
				);
				GCC_WARN_64_TO_32_BIT_CONVERSION = YES;
				GCC_WARN_ABOUT_RETURN_TYPE = YES_ERROR;
				GCC_WARN_UNDECLARED_SELECTOR = YES;
				GCC_WARN_UNINITIALIZED_AUTOS = YES_AGGRESSIVE;
				GCC_WARN_UNUSED_FUNCTION = YES;
				GCC_WARN_UNUSED_VARIABLE = YES;
				IPHONEOS_DEPLOYMENT_TARGET = 9.2;
				MTL_ENABLE_DEBUG_INFO = YES;
				ONLY_ACTIVE_ARCH = YES;
				SDKROOT = iphoneos;
				SWIFT_OPTIMIZATION_LEVEL = "-Onone";
				TARGETED_DEVICE_FAMILY = "1,2";
			};
			name = Debug;
		};
		5757FECD1C449B4700C30A4F /* Release */ = {
			isa = XCBuildConfiguration;
			buildSettings = {
				ALWAYS_SEARCH_USER_PATHS = NO;
				CLANG_CXX_LANGUAGE_STANDARD = "gnu++0x";
				CLANG_CXX_LIBRARY = "libc++";
				CLANG_ENABLE_MODULES = YES;
				CLANG_ENABLE_OBJC_ARC = YES;
				CLANG_WARN_BOOL_CONVERSION = YES;
				CLANG_WARN_CONSTANT_CONVERSION = YES;
				CLANG_WARN_DIRECT_OBJC_ISA_USAGE = YES_ERROR;
				CLANG_WARN_EMPTY_BODY = YES;
				CLANG_WARN_ENUM_CONVERSION = YES;
				CLANG_WARN_INT_CONVERSION = YES;
				CLANG_WARN_OBJC_ROOT_CLASS = YES_ERROR;
				CLANG_WARN_UNREACHABLE_CODE = YES;
				CLANG_WARN__DUPLICATE_METHOD_MATCH = YES;
				"CODE_SIGN_IDENTITY[sdk=iphoneos*]" = "iPhone Developer";
				COPY_PHASE_STRIP = NO;
				DEBUG_INFORMATION_FORMAT = "dwarf-with-dsym";
				ENABLE_NS_ASSERTIONS = NO;
				ENABLE_STRICT_OBJC_MSGSEND = YES;
				GCC_C_LANGUAGE_STANDARD = gnu99;
				GCC_NO_COMMON_BLOCKS = YES;
				GCC_WARN_64_TO_32_BIT_CONVERSION = YES;
				GCC_WARN_ABOUT_RETURN_TYPE = YES_ERROR;
				GCC_WARN_UNDECLARED_SELECTOR = YES;
				GCC_WARN_UNINITIALIZED_AUTOS = YES_AGGRESSIVE;
				GCC_WARN_UNUSED_FUNCTION = YES;
				GCC_WARN_UNUSED_VARIABLE = YES;
				IPHONEOS_DEPLOYMENT_TARGET = 9.2;
				MTL_ENABLE_DEBUG_INFO = NO;
				SDKROOT = iphoneos;
				TARGETED_DEVICE_FAMILY = "1,2";
				VALIDATE_PRODUCT = YES;
			};
			name = Release;
		};
		5757FECF1C449B4700C30A4F /* Debug */ = {
			isa = XCBuildConfiguration;
			buildSettings = {
				ASSETCATALOG_COMPILER_APPICON_NAME = AppIcon;
				INFOPLIST_FILE = "git-test/Info.plist";
				LD_RUNPATH_SEARCH_PATHS = "$(inherited) @executable_path/Frameworks";
				PRODUCT_BUNDLE_IDENTIFIER = "com.zeppytoh.git-test";
				PRODUCT_NAME = "$(TARGET_NAME)";
			};
			name = Debug;
		};
		5757FED01C449B4700C30A4F /* Release */ = {
			isa = XCBuildConfiguration;
			buildSettings = {
				ASSETCATALOG_COMPILER_APPICON_NAME = AppIcon;
				INFOPLIST_FILE = "git-test/Info.plist";
				LD_RUNPATH_SEARCH_PATHS = "$(inherited) @executable_path/Frameworks";
				PRODUCT_BUNDLE_IDENTIFIER = "com.zeppytoh.git-test";
				PRODUCT_NAME = "$(TARGET_NAME)";
			};
			name = Release;
		};
		5757FED21C449B4700C30A4F /* Debug */ = {
			isa = XCBuildConfiguration;
			buildSettings = {
				BUNDLE_LOADER = "$(TEST_HOST)";
				INFOPLIST_FILE = "git-testTests/Info.plist";
				LD_RUNPATH_SEARCH_PATHS = "$(inherited) @executable_path/Frameworks @loader_path/Frameworks";
				PRODUCT_BUNDLE_IDENTIFIER = "com.zeppytoh.git-testTests";
				PRODUCT_NAME = "$(TARGET_NAME)";
				TEST_HOST = "$(BUILT_PRODUCTS_DIR)/git-test.app/git-test";
			};
			name = Debug;
		};
		5757FED31C449B4700C30A4F /* Release */ = {
			isa = XCBuildConfiguration;
			buildSettings = {
				BUNDLE_LOADER = "$(TEST_HOST)";
				INFOPLIST_FILE = "git-testTests/Info.plist";
				LD_RUNPATH_SEARCH_PATHS = "$(inherited) @executable_path/Frameworks @loader_path/Frameworks";
				PRODUCT_BUNDLE_IDENTIFIER = "com.zeppytoh.git-testTests";
				PRODUCT_NAME = "$(TARGET_NAME)";
				TEST_HOST = "$(BUILT_PRODUCTS_DIR)/git-test.app/git-test";
			};
			name = Release;
		};
		5757FED51C449B4700C30A4F /* Debug */ = {
			isa = XCBuildConfiguration;
			buildSettings = {
				INFOPLIST_FILE = "git-testUITests/Info.plist";
				LD_RUNPATH_SEARCH_PATHS = "$(inherited) @executable_path/Frameworks @loader_path/Frameworks";
				PRODUCT_BUNDLE_IDENTIFIER = "com.zeppytoh.git-testUITests";
				PRODUCT_NAME = "$(TARGET_NAME)";
				TEST_TARGET_NAME = "git-test";
				USES_XCTRUNNER = YES;
			};
			name = Debug;
		};
		5757FED61C449B4700C30A4F /* Release */ = {
			isa = XCBuildConfiguration;
			buildSettings = {
				INFOPLIST_FILE = "git-testUITests/Info.plist";
				LD_RUNPATH_SEARCH_PATHS = "$(inherited) @executable_path/Frameworks @loader_path/Frameworks";
				PRODUCT_BUNDLE_IDENTIFIER = "com.zeppytoh.git-testUITests";
				PRODUCT_NAME = "$(TARGET_NAME)";
				TEST_TARGET_NAME = "git-test";
				USES_XCTRUNNER = YES;
			};
			name = Release;
		};
/* End XCBuildConfiguration section */

/* Begin XCConfigurationList section */
		5757FEA11C449B4600C30A4F /* Build configuration list for PBXProject "git-test" */ = {
			isa = XCConfigurationList;
			buildConfigurations = (
				5757FECC1C449B4700C30A4F /* Debug */,
				5757FECD1C449B4700C30A4F /* Release */,
			);
			defaultConfigurationIsVisible = 0;
			defaultConfigurationName = Release;
		};
		5757FECE1C449B4700C30A4F /* Build configuration list for PBXNativeTarget "git-test" */ = {
			isa = XCConfigurationList;
			buildConfigurations = (
				5757FECF1C449B4700C30A4F /* Debug */,
				5757FED01C449B4700C30A4F /* Release */,
			);
			defaultConfigurationIsVisible = 0;
		};
		5757FED11C449B4700C30A4F /* Build configuration list for PBXNativeTarget "git-testTests" */ = {
			isa = XCConfigurationList;
			buildConfigurations = (
				5757FED21C449B4700C30A4F /* Debug */,
				5757FED31C449B4700C30A4F /* Release */,
			);
			defaultConfigurationIsVisible = 0;
		};
		5757FED41C449B4700C30A4F /* Build configuration list for PBXNativeTarget "git-testUITests" */ = {
			isa = XCConfigurationList;
			buildConfigurations = (
				5757FED51C449B4700C30A4F /* Debug */,
				5757FED61C449B4700C30A4F /* Release */,
			);
			defaultConfigurationIsVisible = 0;
		};
/* End XCConfigurationList section */
	};
	rootObject = 5757FE9E1C449B4600C30A4F /* Project object */;
}
